<?xml version="1.0" encoding="utf-8"?>
<Project ToolsVersion="4.0" xmlns="http://schemas.microsoft.com/developer/msbuild/2003">
  <ItemGroup>
    <Filter Include="Source Files">
      <UniqueIdentifier>{4FC737F1-C7A5-4376-A066-2A32D752A2FF}</UniqueIdentifier>
      <Extensions>cpp;c;cc;cxx;def;odl;idl;hpj;bat;asm;asmx</Extensions>
    </Filter>
    <Filter Include="Header Files">
      <UniqueIdentifier>{93995380-89BD-4b04-88EB-625FBE52EBFB}</UniqueIdentifier>
      <Extensions>h;hpp;hxx;hm;inl;inc;xsd</Extensions>
    </Filter>
    <Filter Include="Resource Files">
      <UniqueIdentifier>{67DA6AB6-F800-4c08-8B7A-83BB121AAD01}</UniqueIdentifier>
      <Extensions>rc;ico;cur;bmp;dlg;rc2;rct;bin;rgs;gif;jpg;jpeg;jpe;resx;tiff;tif;png;wav;mfcribbon-ms</Extensions>
    </Filter>
    <Filter Include="Source Files\Game">
      <UniqueIdentifier>{957e0e3e-8fd6-4350-8a89-3452022f72d8}</UniqueIdentifier>
    </Filter>
  </ItemGroup>
  <ItemGroup>
    <ClCompile Include="Code\main.cpp">
      <Filter>Source Files</Filter>
    </ClCompile>
    <ClCompile Include="Code\Utilities\Time.cpp">
      <Filter>Source Files</Filter>
    </ClCompile>
    <ClCompile Include="Code\Rendering\Image.cpp">
      <Filter>Source Files</Filter>
    </ClCompile>
    <ClCompile Include="Code\Input\Input.cpp">
      <Filter>Source Files</Filter>
    </ClCompile>
    <ClCompile Include="Code\Game\GameMain.cpp">
      <Filter>Source Files\Game</Filter>
    </ClCompile>
    <ClCompile Include="Code\Map\Map.cpp">
      <Filter>Source Files</Filter>
    </ClCompile>
    <ClCompile Include="Code\Scripting\squirrel\sqapi.cpp">
      <Filter>Source Files</Filter>
    </ClCompile>
    <ClCompile Include="Code\Scripting\squirrel\sqbaselib.cpp">
      <Filter>Source Files</Filter>
    </ClCompile>
    <ClCompile Include="Code\Scripting\squirrel\sqclass.cpp">
      <Filter>Source Files</Filter>
    </ClCompile>
    <ClCompile Include="Code\Scripting\squirrel\sqcompiler.cpp">
      <Filter>Source Files</Filter>
    </ClCompile>
    <ClCompile Include="Code\Scripting\squirrel\sqdebug.cpp">
      <Filter>Source Files</Filter>
    </ClCompile>
    <ClCompile Include="Code\Scripting\squirrel\sqfuncstate.cpp">
      <Filter>Source Files</Filter>
    </ClCompile>
    <ClCompile Include="Code\Scripting\squirrel\sqlexer.cpp">
      <Filter>Source Files</Filter>
    </ClCompile>
    <ClCompile Include="Code\Scripting\squirrel\sqmem.cpp">
      <Filter>Source Files</Filter>
    </ClCompile>
    <ClCompile Include="Code\Scripting\squirrel\sqobject.cpp">
      <Filter>Source Files</Filter>
    </ClCompile>
    <ClCompile Include="Code\Scripting\squirrel\sqstate.cpp">
      <Filter>Source Files</Filter>
    </ClCompile>
    <ClCompile Include="Code\Scripting\squirrel\sqtable.cpp">
      <Filter>Source Files</Filter>
    </ClCompile>
    <ClCompile Include="Code\Scripting\squirrel\sqvm.cpp">
      <Filter>Source Files</Filter>
    </ClCompile>
    <ClCompile Include="Code\Scripting\sqstdlib\sqstdaux.cpp">
      <Filter>Source Files</Filter>
    </ClCompile>
    <ClCompile Include="Code\Scripting\sqstdlib\sqstdblob.cpp">
      <Filter>Source Files</Filter>
    </ClCompile>
    <ClCompile Include="Code\Scripting\sqstdlib\sqstdio.cpp">
      <Filter>Source Files</Filter>
    </ClCompile>
    <ClCompile Include="Code\Scripting\sqstdlib\sqstdmath.cpp">
      <Filter>Source Files</Filter>
    </ClCompile>
    <ClCompile Include="Code\Scripting\sqstdlib\sqstdrex.cpp">
      <Filter>Source Files</Filter>
    </ClCompile>
    <ClCompile Include="Code\Scripting\sqstdlib\sqstdstream.cpp">
      <Filter>Source Files</Filter>
    </ClCompile>
    <ClCompile Include="Code\Scripting\sqstdlib\sqstdstring.cpp">
      <Filter>Source Files</Filter>
    </ClCompile>
    <ClCompile Include="Code\Scripting\sqstdlib\sqstdsystem.cpp">
      <Filter>Source Files</Filter>
    </ClCompile>
    <ClCompile Include="Code\Scripting\ScriptMain.cpp">
      <Filter>Source Files</Filter>
    </ClCompile>
  </ItemGroup>
  <ItemGroup>
    <ClInclude Include="Code\Game\GameMain.h">
      <Filter>Source Files\Game</Filter>
    </ClInclude>
    <ClInclude Include="Code\Includes.h">
      <Filter>Header Files</Filter>
    </ClInclude>
    <ClInclude Include="Code\Models\Window.h">
      <Filter>Header Files</Filter>
    </ClInclude>
    <ClInclude Include="Code\Map\Map.h">
      <Filter>Header Files</Filter>
    </ClInclude>
    <ClInclude Include="Code\Rendering\Image.h">
      <Filter>Header Files</Filter>
    </ClInclude>
    <ClInclude Include="Code\Rendering\Camera.h">
      <Filter>Header Files</Filter>
    </ClInclude>
    <ClInclude Include="Code\Input\Keys.h">
      <Filter>Header Files</Filter>
    </ClInclude>
    <ClInclude Include="Code\Input\Input.h">
      <Filter>Header Files</Filter>
    </ClInclude>
    <ClInclude Include="Code\Utilities\Time.h">
      <Filter>Header Files</Filter>
    </ClInclude>
    <ClInclude Include="Code\Scripting\squirrel\sqarray.h">
      <Filter>Header Files</Filter>
    </ClInclude>
    <ClInclude Include="Code\Scripting\squirrel\sqclass.h">
      <Filter>Header Files</Filter>
    </ClInclude>
    <ClInclude Include="Code\Scripting\squirrel\sqclosure.h">
      <Filter>Header Files</Filter>
    </ClInclude>
    <ClInclude Include="Code\Scripting\squirrel\sqcompiler.h">
      <Filter>Header Files</Filter>
    </ClInclude>
    <ClInclude Include="Code\Scripting\squirrel\sqfuncproto.h">
      <Filter>Header Files</Filter>
    </ClInclude>
    <ClInclude Include="Code\Scripting\squirrel\sqfuncstate.h">
      <Filter>Header Files</Filter>
    </ClInclude>
    <ClInclude Include="Code\Scripting\squirrel\sqlexer.h">
      <Filter>Header Files</Filter>
    </ClInclude>
    <ClInclude Include="Code\Scripting\squirrel\sqobject.h">
      <Filter>Header Files</Filter>
    </ClInclude>
    <ClInclude Include="Code\Scripting\squirrel\sqopcodes.h">
      <Filter>Header Files</Filter>
    </ClInclude>
    <ClInclude Include="Code\Scripting\squirrel\sqpcheader.h">
      <Filter>Header Files</Filter>
    </ClInclude>
    <ClInclude Include="Code\Scripting\squirrel\sqstate.h">
      <Filter>Header Files</Filter>
    </ClInclude>
    <ClInclude Include="Code\Scripting\squirrel\sqstring.h">
      <Filter>Header Files</Filter>
    </ClInclude>
    <ClInclude Include="Code\Scripting\squirrel\sqtable.h">
      <Filter>Header Files</Filter>
    </ClInclude>
    <ClInclude Include="Code\Scripting\squirrel\squserdata.h">
      <Filter>Header Files</Filter>
    </ClInclude>
    <ClInclude Include="Code\Scripting\squirrel\squtils.h">
      <Filter>Header Files</Filter>
    </ClInclude>
    <ClInclude Include="Code\Scripting\squirrel\sqvm.h">
      <Filter>Header Files</Filter>
    </ClInclude>
    <ClInclude Include="Code\Scripting\sqstdlib\sqstdblobimpl.h">
      <Filter>Header Files</Filter>
    </ClInclude>
    <ClInclude Include="Code\Scripting\sqstdlib\sqstdstream.h">
      <Filter>Header Files</Filter>
    </ClInclude>
    <ClInclude Include="Code\Scripting\include\sqstdaux.h">
      <Filter>Header Files</Filter>
    </ClInclude>
    <ClInclude Include="Code\Scripting\include\sqstdblob.h">
      <Filter>Header Files</Filter>
    </ClInclude>
    <ClInclude Include="Code\Scripting\include\sqstdio.h">
      <Filter>Header Files</Filter>
    </ClInclude>
    <ClInclude Include="Code\Scripting\include\sqstdmath.h">
      <Filter>Header Files</Filter>
    </ClInclude>
    <ClInclude Include="Code\Scripting\include\sqstdstring.h">
      <Filter>Header Files</Filter>
    </ClInclude>
    <ClInclude Include="Code\Scripting\include\sqstdsystem.h">
      <Filter>Header Files</Filter>
    </ClInclude>
    <ClInclude Include="Code\Scripting\include\squirrel.h">
      <Filter>Header Files</Filter>
    </ClInclude>
    <ClInclude Include="Code\Scripting\ScriptMain.h">
      <Filter>Header Files</Filter>
    </ClInclude>
  </ItemGroup>
  <ItemGroup>
    <None Include="Code\Scripting\squirrel\squirrel.dsp" />
    <None Include="Code\Scripting\sqstdlib\sqstdlib.dsp" />
  </ItemGroup>
</Project>