<?xml version="1.0" encoding="utf-8"?>
<Project ToolsVersion="4.0" xmlns="http://schemas.microsoft.com/developer/msbuild/2003">
  <ItemGroup>
    <Filter Include="Source Files">
      <UniqueIdentifier>{4FC737F1-C7A5-4376-A066-2A32D752A2FF}</UniqueIdentifier>
      <Extensions>cpp;c;cc;cxx;def;odl;idl;hpj;bat;asm;asmx</Extensions>
    </Filter>
    <Filter Include="Header Files">
      <UniqueIdentifier>{93995380-89BD-4b04-88EB-625FBE52EBFB}</UniqueIdentifier>
      <Extensions>h;hpp;hxx;hm;inl;inc;xsd</Extensions>
    </Filter>
    <Filter Include="Resource Files">
      <UniqueIdentifier>{67DA6AB6-F800-4c08-8B7A-83BB121AAD01}</UniqueIdentifier>
      <Extensions>rc;ico;cur;bmp;dlg;rc2;rct;bin;rgs;gif;jpg;jpeg;jpe;resx;tiff;tif;png;wav;mfcribbon-ms</Extensions>
    </Filter>
    <Filter Include="Source Files\Game">
      <UniqueIdentifier>{957e0e3e-8fd6-4350-8a89-3452022f72d8}</UniqueIdentifier>
    </Filter>
  </ItemGroup>
  <ItemGroup>
    <ClCompile Include="Code\main.c">
      <Filter>Source Files</Filter>
    </ClCompile>
    <ClCompile Include="Code\Game\GameMain.c">
      <Filter>Source Files\Game</Filter>
    </ClCompile>
    <ClCompile Include="Code\Map\MapLoad.c">
      <Filter>Source Files</Filter>
    </ClCompile>
    <ClCompile Include="Code\Map\MapRender.c">
      <Filter>Source Files</Filter>
    </ClCompile>
    <ClCompile Include="Code\Rendering\Image.c">
      <Filter>Source Files</Filter>
    </ClCompile>
    <ClCompile Include="Code\Entities\Entity.c">
      <Filter>Source Files</Filter>
    </ClCompile>
    <ClCompile Include="Code\Scripting\lapi.c">
      <Filter>Source Files</Filter>
    </ClCompile>
    <ClCompile Include="Code\Scripting\lauxlib.c">
      <Filter>Source Files</Filter>
    </ClCompile>
    <ClCompile Include="Code\Scripting\lbaselib.c">
      <Filter>Source Files</Filter>
    </ClCompile>
    <ClCompile Include="Code\Scripting\lbitlib.c">
      <Filter>Source Files</Filter>
    </ClCompile>
    <ClCompile Include="Code\Scripting\lcode.c">
      <Filter>Source Files</Filter>
    </ClCompile>
    <ClCompile Include="Code\Scripting\lcorolib.c">
      <Filter>Source Files</Filter>
    </ClCompile>
    <ClCompile Include="Code\Scripting\lctype.c">
      <Filter>Source Files</Filter>
    </ClCompile>
    <ClCompile Include="Code\Scripting\ldblib.c">
      <Filter>Source Files</Filter>
    </ClCompile>
    <ClCompile Include="Code\Scripting\ldebug.c">
      <Filter>Source Files</Filter>
    </ClCompile>
    <ClCompile Include="Code\Scripting\ldo.c">
      <Filter>Source Files</Filter>
    </ClCompile>
    <ClCompile Include="Code\Scripting\ldump.c">
      <Filter>Source Files</Filter>
    </ClCompile>
    <ClCompile Include="Code\Scripting\lfunc.c">
      <Filter>Source Files</Filter>
    </ClCompile>
    <ClCompile Include="Code\Scripting\lgc.c">
      <Filter>Source Files</Filter>
    </ClCompile>
    <ClCompile Include="Code\Scripting\linit.c">
      <Filter>Source Files</Filter>
    </ClCompile>
    <ClCompile Include="Code\Scripting\liolib.c">
      <Filter>Source Files</Filter>
    </ClCompile>
    <ClCompile Include="Code\Scripting\llex.c">
      <Filter>Source Files</Filter>
    </ClCompile>
    <ClCompile Include="Code\Scripting\lmathlib.c">
      <Filter>Source Files</Filter>
    </ClCompile>
    <ClCompile Include="Code\Scripting\lmem.c">
      <Filter>Source Files</Filter>
    </ClCompile>
    <ClCompile Include="Code\Scripting\loadlib.c">
      <Filter>Source Files</Filter>
    </ClCompile>
    <ClCompile Include="Code\Scripting\lobject.c">
      <Filter>Source Files</Filter>
    </ClCompile>
    <ClCompile Include="Code\Scripting\lopcodes.c">
      <Filter>Source Files</Filter>
    </ClCompile>
    <ClCompile Include="Code\Scripting\loslib.c">
      <Filter>Source Files</Filter>
    </ClCompile>
    <ClCompile Include="Code\Scripting\lparser.c">
      <Filter>Source Files</Filter>
    </ClCompile>
    <ClCompile Include="Code\Scripting\lstate.c">
      <Filter>Source Files</Filter>
    </ClCompile>
    <ClCompile Include="Code\Scripting\lstring.c">
      <Filter>Source Files</Filter>
    </ClCompile>
    <ClCompile Include="Code\Scripting\lstrlib.c">
      <Filter>Source Files</Filter>
    </ClCompile>
    <ClCompile Include="Code\Scripting\ltable.c">
      <Filter>Source Files</Filter>
    </ClCompile>
    <ClCompile Include="Code\Scripting\ltablib.c">
      <Filter>Source Files</Filter>
    </ClCompile>
    <ClCompile Include="Code\Scripting\ltm.c">
      <Filter>Source Files</Filter>
    </ClCompile>
    <ClCompile Include="Code\Scripting\lundump.c">
      <Filter>Source Files</Filter>
    </ClCompile>
    <ClCompile Include="Code\Scripting\lvm.c">
      <Filter>Source Files</Filter>
    </ClCompile>
    <ClCompile Include="Code\Scripting\lzio.c">
      <Filter>Source Files</Filter>
    </ClCompile>
    <ClCompile Include="Code\Input\Input.c">
      <Filter>Source Files</Filter>
    </ClCompile>
  </ItemGroup>
  <ItemGroup>
    <ClInclude Include="Code\Game\GameMain.h">
      <Filter>Source Files\Game</Filter>
    </ClInclude>
    <ClInclude Include="Code\Includes.h">
      <Filter>Header Files</Filter>
    </ClInclude>
    <ClInclude Include="Code\Models\Window.h">
      <Filter>Header Files</Filter>
    </ClInclude>
    <ClInclude Include="Code\Map\MapLoad.h">
      <Filter>Header Files</Filter>
    </ClInclude>
    <ClInclude Include="Code\Map\Map.h">
      <Filter>Header Files</Filter>
    </ClInclude>
    <ClInclude Include="Code\Map\MapRender.h">
      <Filter>Header Files</Filter>
    </ClInclude>
    <ClInclude Include="Code\Rendering\Image.h">
      <Filter>Header Files</Filter>
    </ClInclude>
    <ClInclude Include="Code\Entities\Entity.h">
      <Filter>Header Files</Filter>
    </ClInclude>
    <ClInclude Include="Code\Rendering\Camera.h">
      <Filter>Header Files</Filter>
    </ClInclude>
    <ClInclude Include="Code\Scripting\lzio.h">
      <Filter>Header Files</Filter>
    </ClInclude>
    <ClInclude Include="Code\Scripting\lapi.h">
      <Filter>Header Files</Filter>
    </ClInclude>
    <ClInclude Include="Code\Scripting\lauxlib.h">
      <Filter>Header Files</Filter>
    </ClInclude>
    <ClInclude Include="Code\Scripting\lcode.h">
      <Filter>Header Files</Filter>
    </ClInclude>
    <ClInclude Include="Code\Scripting\lctype.h">
      <Filter>Header Files</Filter>
    </ClInclude>
    <ClInclude Include="Code\Scripting\ldebug.h">
      <Filter>Header Files</Filter>
    </ClInclude>
    <ClInclude Include="Code\Scripting\ldo.h">
      <Filter>Header Files</Filter>
    </ClInclude>
    <ClInclude Include="Code\Scripting\lfunc.h">
      <Filter>Header Files</Filter>
    </ClInclude>
    <ClInclude Include="Code\Scripting\lgc.h">
      <Filter>Header Files</Filter>
    </ClInclude>
    <ClInclude Include="Code\Scripting\llex.h">
      <Filter>Header Files</Filter>
    </ClInclude>
    <ClInclude Include="Code\Scripting\llimits.h">
      <Filter>Header Files</Filter>
    </ClInclude>
    <ClInclude Include="Code\Scripting\lmem.h">
      <Filter>Header Files</Filter>
    </ClInclude>
    <ClInclude Include="Code\Scripting\lobject.h">
      <Filter>Header Files</Filter>
    </ClInclude>
    <ClInclude Include="Code\Scripting\lopcodes.h">
      <Filter>Header Files</Filter>
    </ClInclude>
    <ClInclude Include="Code\Scripting\lparser.h">
      <Filter>Header Files</Filter>
    </ClInclude>
    <ClInclude Include="Code\Scripting\lstate.h">
      <Filter>Header Files</Filter>
    </ClInclude>
    <ClInclude Include="Code\Scripting\lstring.h">
      <Filter>Header Files</Filter>
    </ClInclude>
    <ClInclude Include="Code\Scripting\ltable.h">
      <Filter>Header Files</Filter>
    </ClInclude>
    <ClInclude Include="Code\Scripting\ltm.h">
      <Filter>Header Files</Filter>
    </ClInclude>
    <ClInclude Include="Code\Scripting\lua.h">
      <Filter>Header Files</Filter>
    </ClInclude>
    <ClInclude Include="Code\Scripting\luaconf.h">
      <Filter>Header Files</Filter>
    </ClInclude>
    <ClInclude Include="Code\Scripting\lualib.h">
      <Filter>Header Files</Filter>
    </ClInclude>
    <ClInclude Include="Code\Scripting\lundump.h">
      <Filter>Header Files</Filter>
    </ClInclude>
    <ClInclude Include="Code\Scripting\lvm.h">
      <Filter>Header Files</Filter>
    </ClInclude>
    <ClInclude Include="Code\Input\Keys.h">
      <Filter>Header Files</Filter>
    </ClInclude>
    <ClInclude Include="Code\Input\Input.h">
      <Filter>Header Files</Filter>
    </ClInclude>
  </ItemGroup>
</Project>