<?xml version="1.0" encoding="UTF-8" standalone="yes" ?>
<CodeBlocks_project_file>
	<FileVersion major="1" minor="6" />
	<Project>
		<Option title="WolfEngine" />
		<Option pch_mode="2" />
		<Option compiler="gcc" />
		<Build>
			<Target title="Debug">
				<Option output="Debug/WolfEngine" prefix_auto="1" extension_auto="1" />
				<Option working_dir="Debug" />
				<Option object_output="obj/Debug/" />
				<Option type="1" />
				<Option compiler="gcc" />
				<Compiler>
					<Add option="-g" />
				</Compiler>
				<Linker>
					<Add library="SDL2" />
				</Linker>
			</Target>
			<Target title="Release">
				<Option output="Release/WolfEngine" prefix_auto="1" extension_auto="1" />
				<Option working_dir="Release" />
				<Option object_output="obj/Release/" />
				<Option type="0" />
				<Option compiler="gcc" />
				<Compiler>
					<Add option="-O2" />
				</Compiler>
				<Linker>
					<Add option="-s" />
				</Linker>
			</Target>
		</Build>
		<Compiler>
			<Add option="-Wall" />
			<Add option="`sdl-config --cflags`" />
		</Compiler>
		<Linker>
			<Add option="`sdl-config --libs`" />
			<Add library="SDL2" />
			<Add library="SDL2_image" />
		</Linker>
		<Unit filename="WolfEngine/Code/Game/GameMain.c">
			<Option compilerVar="CC" />
		</Unit>
		<Unit filename="WolfEngine/Code/Game/GameMain.h" />
		<Unit filename="WolfEngine/Code/Includes.h" />
		<Unit filename="WolfEngine/Code/Map/Map.h" />
		<Unit filename="WolfEngine/Code/Map/MapLoad.c">
			<Option compilerVar="CC" />
		</Unit>
		<Unit filename="WolfEngine/Code/Map/MapLoad.h" />
		<Unit filename="WolfEngine/Code/Map/MapRender.c">
			<Option compilerVar="CC" />
		</Unit>
		<Unit filename="WolfEngine/Code/Map/MapRender.h" />
		<Unit filename="WolfEngine/Code/Models/Window.h" />
		<Unit filename="WolfEngine/Code/main.c">
			<Option compilerVar="CC" />
		</Unit>
		<Unit filename="cb.bmp" />
		<Extensions>
			<code_completion />
			<debugger />
		</Extensions>
	</Project>
</CodeBlocks_project_file>
